// !$*UTF8*$!
{
	archiveVersion = 1;
	classes = {
	};
	objectVersion = 46;
	objects = {

/* Begin PBXBuildFile section */
		360D3BC81B5AD4E9003002A7 /* AppDelegate.swift in Sources */ = {isa = PBXBuildFile; fileRef = 360D3BC71B5AD4E9003002A7 /* AppDelegate.swift */; };
		360D3BCA1B5AD4E9003002A7 /* ViewController.swift in Sources */ = {isa = PBXBuildFile; fileRef = 360D3BC91B5AD4E9003002A7 /* ViewController.swift */; };
		360D3BD21B5AD4E9003002A7 /* LaunchScreen.xib in Resources */ = {isa = PBXBuildFile; fileRef = 360D3BD01B5AD4E9003002A7 /* LaunchScreen.xib */; };
		360D3BDE1B5AD4EA003002A7 /* ChatterTests.swift in Sources */ = {isa = PBXBuildFile; fileRef = 360D3BDD1B5AD4EA003002A7 /* ChatterTests.swift */; };
		360D3BEB1B5AE195003002A7 /* ParseService.swift in Sources */ = {isa = PBXBuildFile; fileRef = 360D3BEA1B5AE195003002A7 /* ParseService.swift */; };
		361E502E1B5AE64E00BABEDB /* Images.xcassets in Resources */ = {isa = PBXBuildFile; fileRef = 361E502D1B5AE64E00BABEDB /* Images.xcassets */; };
		361E50301B5AE66900BABEDB /* Main.storyboard in Resources */ = {isa = PBXBuildFile; fileRef = 361E502F1B5AE66900BABEDB /* Main.storyboard */; };
		361E50321B5AED2A00BABEDB /* LayerService.swift in Sources */ = {isa = PBXBuildFile; fileRef = 361E50311B5AED2A00BABEDB /* LayerService.swift */; };
		3623BE581B65B53800710D88 /* Message.swift in Sources */ = {isa = PBXBuildFile; fileRef = 3623BE571B65B53800710D88 /* Message.swift */; };
		3699EFA81B5C9E7000E29E4A /* ChatViewController.swift in Sources */ = {isa = PBXBuildFile; fileRef = 3699EFA71B5C9E7000E29E4A /* ChatViewController.swift */; };
		3699EFAA1B5CA06F00E29E4A /* ChatTableViewController.swift in Sources */ = {isa = PBXBuildFile; fileRef = 3699EFA91B5CA06F00E29E4A /* ChatTableViewController.swift */; };
		3699EFAC1B5CA1C800E29E4A /* Back_arrow_circular_symbol_64.png in Resources */ = {isa = PBXBuildFile; fileRef = 3699EFAB1B5CA1C800E29E4A /* Back_arrow_circular_symbol_64.png */; };
		3699EFAE1B5CA20900E29E4A /* Back_arrow_circular_symbol_32.png in Resources */ = {isa = PBXBuildFile; fileRef = 3699EFAD1B5CA20900E29E4A /* Back_arrow_circular_symbol_32.png */; };
		3699EFB01B5D271900E29E4A /* Logout_64.png in Resources */ = {isa = PBXBuildFile; fileRef = 3699EFAF1B5D271900E29E4A /* Logout_64.png */; };
		36A5B59C1B5AE53100AFAF28 /* RegisterViewController.swift in Sources */ = {isa = PBXBuildFile; fileRef = 36A5B59B1B5AE53100AFAF28 /* RegisterViewController.swift */; };
		36A5B59E1B5AE54C00AFAF28 /* LoginViewController.swift in Sources */ = {isa = PBXBuildFile; fileRef = 36A5B59D1B5AE54C00AFAF28 /* LoginViewController.swift */; };
		36A5B5A01B5AE56900AFAF28 /* UsersViewController.swift in Sources */ = {isa = PBXBuildFile; fileRef = 36A5B59F1B5AE56900AFAF28 /* UsersViewController.swift */; };
		36A5B5A91B5AE5D300AFAF28 /* asterick.png in Resources */ = {isa = PBXBuildFile; fileRef = 36A5B5A41B5AE5D300AFAF28 /* asterick.png */; };
		36A5B5AA1B5AE5D300AFAF28 /* cancel.png in Resources */ = {isa = PBXBuildFile; fileRef = 36A5B5A51B5AE5D300AFAF28 /* cancel.png */; };
		36A5B5AB1B5AE5D300AFAF28 /* fb_login.png in Resources */ = {isa = PBXBuildFile; fileRef = 36A5B5A61B5AE5D300AFAF28 /* fb_login.png */; };
		36A5B5AC1B5AE5D300AFAF28 /* register.png in Resources */ = {isa = PBXBuildFile; fileRef = 36A5B5A71B5AE5D300AFAF28 /* register.png */; };
		36A5B5AD1B5AE5D300AFAF28 /* login.png in Resources */ = {isa = PBXBuildFile; fileRef = 36A5B5A81B5AE5D300AFAF28 /* login.png */; };
		36A5B5AF1B5AE5DD00AFAF28 /* title.png in Resources */ = {isa = PBXBuildFile; fileRef = 36A5B5AE1B5AE5DD00AFAF28 /* title.png */; };
		36AB61C61B5C16FD003280B8 /* ParseServiceTest.swift in Sources */ = {isa = PBXBuildFile; fileRef = 36AB61C51B5C16FD003280B8 /* ParseServiceTest.swift */; };
		36B576621B6539A600B2CC78 /* UserService.swift in Sources */ = {isa = PBXBuildFile; fileRef = 36B576611B6539A600B2CC78 /* UserService.swift */; };
		36B576641B65409A00B2CC78 /* UserServiceTest.swift in Sources */ = {isa = PBXBuildFile; fileRef = 36B576631B65409A00B2CC78 /* UserServiceTest.swift */; };
		36C948B41B65A7AF008469BE /* NotificationService.swift in Sources */ = {isa = PBXBuildFile; fileRef = 36C948B31B65A7AF008469BE /* NotificationService.swift */; };
		36C948B71B65A824008469BE /* AppUtils.swift in Sources */ = {isa = PBXBuildFile; fileRef = 36C948B61B65A824008469BE /* AppUtils.swift */; };
		36E411AF1B61C6B500C7A09D /* user_list_64.png in Resources */ = {isa = PBXBuildFile; fileRef = 36E411AE1B61C6B500C7A09D /* user_list_64.png */; };
		36E411B11B61D69B00C7A09D /* ConversationsViewController.swift in Sources */ = {isa = PBXBuildFile; fileRef = 36E411B01B61D69B00C7A09D /* ConversationsViewController.swift */; };
		36E411B71B61DDB800C7A09D /* ConversationTableViewController.swift in Sources */ = {isa = PBXBuildFile; fileRef = 36E411B61B61DDB800C7A09D /* ConversationTableViewController.swift */; };
		36E5D9D21B5C95C400AB8828 /* Add_User_64.png in Resources */ = {isa = PBXBuildFile; fileRef = 36E5D9D11B5C95C400AB8828 /* Add_User_64.png */; };
		36E5D9D41B5C98A100AB8828 /* UserListViewController.swift in Sources */ = {isa = PBXBuildFile; fileRef = 36E5D9D31B5C98A100AB8828 /* UserListViewController.swift */; };
		A0555352A3726E9E5C6D8C81 /* Pods_Chatter.framework in Frameworks */ = {isa = PBXBuildFile; fileRef = 9AF4D649714209C7FBC2F749 /* Pods_Chatter.framework */; settings = {ATTRIBUTES = (Weak, ); }; };
/* End PBXBuildFile section */

/* Begin PBXContainerItemProxy section */
		360D3BD81B5AD4EA003002A7 /* PBXContainerItemProxy */ = {
			isa = PBXContainerItemProxy;
			containerPortal = 360D3BBA1B5AD4E9003002A7 /* Project object */;
			proxyType = 1;
			remoteGlobalIDString = 360D3BC11B5AD4E9003002A7;
			remoteInfo = Chatter;
		};
/* End PBXContainerItemProxy section */

/* Begin PBXFileReference section */
		044EDC2203F40A58DF01FDD4 /* Pods-Chatter.release.xcconfig */ = {isa = PBXFileReference; includeInIndex = 1; lastKnownFileType = text.xcconfig; name = "Pods-Chatter.release.xcconfig"; path = "Pods/Target Support Files/Pods-Chatter/Pods-Chatter.release.xcconfig"; sourceTree = "<group>"; };
		360D3BC21B5AD4E9003002A7 /* Chatter.app */ = {isa = PBXFileReference; explicitFileType = wrapper.application; includeInIndex = 0; path = Chatter.app; sourceTree = BUILT_PRODUCTS_DIR; };
		360D3BC61B5AD4E9003002A7 /* Info.plist */ = {isa = PBXFileReference; lastKnownFileType = text.plist.xml; path = Info.plist; sourceTree = "<group>"; };
		360D3BC71B5AD4E9003002A7 /* AppDelegate.swift */ = {isa = PBXFileReference; lastKnownFileType = sourcecode.swift; path = AppDelegate.swift; sourceTree = "<group>"; };
		360D3BC91B5AD4E9003002A7 /* ViewController.swift */ = {isa = PBXFileReference; lastKnownFileType = sourcecode.swift; path = ViewController.swift; sourceTree = "<group>"; };
		360D3BD11B5AD4E9003002A7 /* Base */ = {isa = PBXFileReference; lastKnownFileType = file.xib; name = Base; path = Base.lproj/LaunchScreen.xib; sourceTree = "<group>"; };
		360D3BD71B5AD4EA003002A7 /* ChatterTests.xctest */ = {isa = PBXFileReference; explicitFileType = wrapper.cfbundle; includeInIndex = 0; path = ChatterTests.xctest; sourceTree = BUILT_PRODUCTS_DIR; };
		360D3BDC1B5AD4EA003002A7 /* Info.plist */ = {isa = PBXFileReference; lastKnownFileType = text.plist.xml; path = Info.plist; sourceTree = "<group>"; };
		360D3BDD1B5AD4EA003002A7 /* ChatterTests.swift */ = {isa = PBXFileReference; lastKnownFileType = sourcecode.swift; path = ChatterTests.swift; sourceTree = "<group>"; };
		360D3BEA1B5AE195003002A7 /* ParseService.swift */ = {isa = PBXFileReference; fileEncoding = 4; lastKnownFileType = sourcecode.swift; path = ParseService.swift; sourceTree = "<group>"; };
		360D3BEC1B5AE28D003002A7 /* libPods-Chatter-Bolts.a */ = {isa = PBXFileReference; lastKnownFileType = archive.ar; name = "libPods-Chatter-Bolts.a"; path = "Pods/build/Debug-iphoneos/libPods-Chatter-Bolts.a"; sourceTree = "<group>"; };
		360D3BED1B5AE28D003002A7 /* libPods-Chatter-Parse.a */ = {isa = PBXFileReference; lastKnownFileType = archive.ar; name = "libPods-Chatter-Parse.a"; path = "Pods/build/Debug-iphoneos/libPods-Chatter-Parse.a"; sourceTree = "<group>"; };
		360D3BEE1B5AE28D003002A7 /* libPods-Chatter-ParseUI.a */ = {isa = PBXFileReference; lastKnownFileType = archive.ar; name = "libPods-Chatter-ParseUI.a"; path = "Pods/build/Debug-iphoneos/libPods-Chatter-ParseUI.a"; sourceTree = "<group>"; };
		361E502D1B5AE64E00BABEDB /* Images.xcassets */ = {isa = PBXFileReference; lastKnownFileType = folder.assetcatalog; path = Images.xcassets; sourceTree = "<group>"; };
		361E502F1B5AE66900BABEDB /* Main.storyboard */ = {isa = PBXFileReference; fileEncoding = 4; lastKnownFileType = file.storyboard; path = Main.storyboard; sourceTree = "<group>"; };
		361E50311B5AED2A00BABEDB /* LayerService.swift */ = {isa = PBXFileReference; fileEncoding = 4; lastKnownFileType = sourcecode.swift; path = LayerService.swift; sourceTree = "<group>"; };
		3623BE571B65B53800710D88 /* Message.swift */ = {isa = PBXFileReference; fileEncoding = 4; lastKnownFileType = sourcecode.swift; path = Message.swift; sourceTree = "<group>"; };
		3699EFA71B5C9E7000E29E4A /* ChatViewController.swift */ = {isa = PBXFileReference; fileEncoding = 4; lastKnownFileType = sourcecode.swift; path = ChatViewController.swift; sourceTree = "<group>"; };
		3699EFA91B5CA06F00E29E4A /* ChatTableViewController.swift */ = {isa = PBXFileReference; fileEncoding = 4; lastKnownFileType = sourcecode.swift; path = ChatTableViewController.swift; sourceTree = "<group>"; };
		3699EFAB1B5CA1C800E29E4A /* Back_arrow_circular_symbol_64.png */ = {isa = PBXFileReference; lastKnownFileType = image.png; path = Back_arrow_circular_symbol_64.png; sourceTree = "<group>"; };
		3699EFAD1B5CA20900E29E4A /* Back_arrow_circular_symbol_32.png */ = {isa = PBXFileReference; lastKnownFileType = image.png; path = Back_arrow_circular_symbol_32.png; sourceTree = "<group>"; };
		3699EFAF1B5D271900E29E4A /* Logout_64.png */ = {isa = PBXFileReference; lastKnownFileType = image.png; path = Logout_64.png; sourceTree = "<group>"; };
		36A5B59B1B5AE53100AFAF28 /* RegisterViewController.swift */ = {isa = PBXFileReference; fileEncoding = 4; lastKnownFileType = sourcecode.swift; path = RegisterViewController.swift; sourceTree = "<group>"; };
		36A5B59D1B5AE54C00AFAF28 /* LoginViewController.swift */ = {isa = PBXFileReference; fileEncoding = 4; lastKnownFileType = sourcecode.swift; path = LoginViewController.swift; sourceTree = "<group>"; };
		36A5B59F1B5AE56900AFAF28 /* UsersViewController.swift */ = {isa = PBXFileReference; fileEncoding = 4; lastKnownFileType = sourcecode.swift; path = UsersViewController.swift; sourceTree = "<group>"; };
		36A5B5A41B5AE5D300AFAF28 /* asterick.png */ = {isa = PBXFileReference; lastKnownFileType = image.png; path = asterick.png; sourceTree = "<group>"; };
		36A5B5A51B5AE5D300AFAF28 /* cancel.png */ = {isa = PBXFileReference; lastKnownFileType = image.png; path = cancel.png; sourceTree = "<group>"; };
		36A5B5A61B5AE5D300AFAF28 /* fb_login.png */ = {isa = PBXFileReference; lastKnownFileType = image.png; path = fb_login.png; sourceTree = "<group>"; };
		36A5B5A71B5AE5D300AFAF28 /* register.png */ = {isa = PBXFileReference; lastKnownFileType = image.png; path = register.png; sourceTree = "<group>"; };
		36A5B5A81B5AE5D300AFAF28 /* login.png */ = {isa = PBXFileReference; lastKnownFileType = image.png; path = login.png; sourceTree = "<group>"; };
		36A5B5AE1B5AE5DD00AFAF28 /* title.png */ = {isa = PBXFileReference; lastKnownFileType = image.png; path = title.png; sourceTree = "<group>"; };
		36AB61C51B5C16FD003280B8 /* ParseServiceTest.swift */ = {isa = PBXFileReference; fileEncoding = 4; lastKnownFileType = sourcecode.swift; path = ParseServiceTest.swift; sourceTree = "<group>"; };
		36AB61C91B5C1A84003280B8 /* Pods_Chatter.framework */ = {isa = PBXFileReference; lastKnownFileType = wrapper.framework; name = Pods_Chatter.framework; path = "Pods/../build/Debug-iphoneos/Pods_Chatter.framework"; sourceTree = "<group>"; };
		36B576611B6539A600B2CC78 /* UserService.swift */ = {isa = PBXFileReference; fileEncoding = 4; lastKnownFileType = sourcecode.swift; path = UserService.swift; sourceTree = "<group>"; };
		36B576631B65409A00B2CC78 /* UserServiceTest.swift */ = {isa = PBXFileReference; fileEncoding = 4; lastKnownFileType = sourcecode.swift; path = UserServiceTest.swift; sourceTree = "<group>"; };
		36C948B31B65A7AF008469BE /* NotificationService.swift */ = {isa = PBXFileReference; fileEncoding = 4; lastKnownFileType = sourcecode.swift; path = NotificationService.swift; sourceTree = "<group>"; };
		36C948B61B65A824008469BE /* AppUtils.swift */ = {isa = PBXFileReference; fileEncoding = 4; lastKnownFileType = sourcecode.swift; path = AppUtils.swift; sourceTree = "<group>"; };
		36E411AE1B61C6B500C7A09D /* user_list_64.png */ = {isa = PBXFileReference; lastKnownFileType = image.png; path = user_list_64.png; sourceTree = "<group>"; };
		36E411B01B61D69B00C7A09D /* ConversationsViewController.swift */ = {isa = PBXFileReference; fileEncoding = 4; lastKnownFileType = sourcecode.swift; path = ConversationsViewController.swift; sourceTree = "<group>"; };
		36E411B61B61DDB800C7A09D /* ConversationTableViewController.swift */ = {isa = PBXFileReference; fileEncoding = 4; lastKnownFileType = sourcecode.swift; path = ConversationTableViewController.swift; sourceTree = "<group>"; };
		36E5D9D11B5C95C400AB8828 /* Add_User_64.png */ = {isa = PBXFileReference; lastKnownFileType = image.png; path = Add_User_64.png; sourceTree = "<group>"; };
		36E5D9D31B5C98A100AB8828 /* UserListViewController.swift */ = {isa = PBXFileReference; fileEncoding = 4; lastKnownFileType = sourcecode.swift; path = UserListViewController.swift; sourceTree = "<group>"; };
		7744D10111DDA42D46038E0F /* Pods-Chatter.debug.xcconfig */ = {isa = PBXFileReference; includeInIndex = 1; lastKnownFileType = text.xcconfig; name = "Pods-Chatter.debug.xcconfig"; path = "Pods/Target Support Files/Pods-Chatter/Pods-Chatter.debug.xcconfig"; sourceTree = "<group>"; };
		9AF4D649714209C7FBC2F749 /* Pods_Chatter.framework */ = {isa = PBXFileReference; explicitFileType = wrapper.framework; includeInIndex = 0; path = Pods_Chatter.framework; sourceTree = BUILT_PRODUCTS_DIR; };
/* End PBXFileReference section */

/* Begin PBXFrameworksBuildPhase section */
		360D3BBF1B5AD4E9003002A7 /* Frameworks */ = {
			isa = PBXFrameworksBuildPhase;
			buildActionMask = 2147483647;
			files = (
				A0555352A3726E9E5C6D8C81 /* Pods_Chatter.framework in Frameworks */,
			);
			runOnlyForDeploymentPostprocessing = 0;
		};
		360D3BD41B5AD4EA003002A7 /* Frameworks */ = {
			isa = PBXFrameworksBuildPhase;
			buildActionMask = 2147483647;
			files = (
			);
			runOnlyForDeploymentPostprocessing = 0;
		};
/* End PBXFrameworksBuildPhase section */

/* Begin PBXGroup section */
		2177CDAC8102593780DCF2FB /* Frameworks */ = {
			isa = PBXGroup;
			children = (
				36AB61C91B5C1A84003280B8 /* Pods_Chatter.framework */,
				360D3BEC1B5AE28D003002A7 /* libPods-Chatter-Bolts.a */,
				360D3BED1B5AE28D003002A7 /* libPods-Chatter-Parse.a */,
				360D3BEE1B5AE28D003002A7 /* libPods-Chatter-ParseUI.a */,
				9AF4D649714209C7FBC2F749 /* Pods_Chatter.framework */,
			);
			name = Frameworks;
			sourceTree = "<group>";
		};
		360D3BB91B5AD4E9003002A7 = {
			isa = PBXGroup;
			children = (
				360D3BC41B5AD4E9003002A7 /* Chatter */,
				360D3BDA1B5AD4EA003002A7 /* ChatterTests */,
				360D3BC31B5AD4E9003002A7 /* Products */,
				7E3EB639B4BCCC26EAF65FF9 /* Pods */,
				2177CDAC8102593780DCF2FB /* Frameworks */,
			);
			sourceTree = "<group>";
		};
		360D3BC31B5AD4E9003002A7 /* Products */ = {
			isa = PBXGroup;
			children = (
				360D3BC21B5AD4E9003002A7 /* Chatter.app */,
				360D3BD71B5AD4EA003002A7 /* ChatterTests.xctest */,
			);
			name = Products;
			sourceTree = "<group>";
		};
		360D3BC41B5AD4E9003002A7 /* Chatter */ = {
			isa = PBXGroup;
			children = (
				3623BE561B65B52300710D88 /* Models */,
				360D3BE81B5AE13E003002A7 /* Controllers */,
				360D3BE91B5AE143003002A7 /* Services */,
				36C948B51B65A814008469BE /* Utilities */,
				360D3BE71B5AE11D003002A7 /* Resources */,
				360D3BC51B5AD4E9003002A7 /* Supporting Files */,
			);
			path = Chatter;
			sourceTree = "<group>";
		};
		360D3BC51B5AD4E9003002A7 /* Supporting Files */ = {
			isa = PBXGroup;
			children = (
				360D3BC61B5AD4E9003002A7 /* Info.plist */,
			);
			name = "Supporting Files";
			sourceTree = "<group>";
		};
		360D3BDA1B5AD4EA003002A7 /* ChatterTests */ = {
			isa = PBXGroup;
			children = (
				36AB61C11B5C1697003280B8 /* Services */,
				360D3BDD1B5AD4EA003002A7 /* ChatterTests.swift */,
				360D3BDB1B5AD4EA003002A7 /* Supporting Files */,
			);
			path = ChatterTests;
			sourceTree = "<group>";
		};
		360D3BDB1B5AD4EA003002A7 /* Supporting Files */ = {
			isa = PBXGroup;
			children = (
				360D3BDC1B5AD4EA003002A7 /* Info.plist */,
			);
			name = "Supporting Files";
			sourceTree = "<group>";
		};
		360D3BE71B5AE11D003002A7 /* Resources */ = {
			isa = PBXGroup;
			children = (
				36A5B5A31B5AE5C400AFAF28 /* Images */,
				360D3BD01B5AD4E9003002A7 /* LaunchScreen.xib */,
				361E502F1B5AE66900BABEDB /* Main.storyboard */,
				361E502D1B5AE64E00BABEDB /* Images.xcassets */,
			);
			name = Resources;
			path = ..;
			sourceTree = "<group>";
		};
		360D3BE81B5AE13E003002A7 /* Controllers */ = {
			isa = PBXGroup;
			children = (
				360D3BC71B5AD4E9003002A7 /* AppDelegate.swift */,
				360D3BC91B5AD4E9003002A7 /* ViewController.swift */,
				36E411B21B61D6FF00C7A09D /* Authentication */,
				36E411B41B61DD0000C7A09D /* Chat */,
				36E411B51B61DD1600C7A09D /* Conversation */,
				36E411B31B61D74700C7A09D /* Users */,
			);
			name = Controllers;
			sourceTree = "<group>";
		};
		360D3BE91B5AE143003002A7 /* Services */ = {
			isa = PBXGroup;
			children = (
				360D3BEA1B5AE195003002A7 /* ParseService.swift */,
				361E50311B5AED2A00BABEDB /* LayerService.swift */,
				36B576611B6539A600B2CC78 /* UserService.swift */,
				36C948B31B65A7AF008469BE /* NotificationService.swift */,
			);
			name = Services;
			sourceTree = "<group>";
		};
		3623BE561B65B52300710D88 /* Models */ = {
			isa = PBXGroup;
			children = (
				3623BE571B65B53800710D88 /* Message.swift */,
			);
			name = Models;
			sourceTree = "<group>";
		};
		36A5B5A11B5AE5B200AFAF28 /* Buttons */ = {
			isa = PBXGroup;
			children = (
				36E411AE1B61C6B500C7A09D /* user_list_64.png */,
				3699EFAF1B5D271900E29E4A /* Logout_64.png */,
				3699EFAD1B5CA20900E29E4A /* Back_arrow_circular_symbol_32.png */,
				3699EFAB1B5CA1C800E29E4A /* Back_arrow_circular_symbol_64.png */,
				36E5D9D11B5C95C400AB8828 /* Add_User_64.png */,
				36A5B5A41B5AE5D300AFAF28 /* asterick.png */,
				36A5B5A51B5AE5D300AFAF28 /* cancel.png */,
				36A5B5A61B5AE5D300AFAF28 /* fb_login.png */,
				36A5B5A71B5AE5D300AFAF28 /* register.png */,
				36A5B5A81B5AE5D300AFAF28 /* login.png */,
			);
			name = Buttons;
			sourceTree = "<group>";
		};
		36A5B5A21B5AE5B700AFAF28 /* Header */ = {
			isa = PBXGroup;
			children = (
				36A5B5AE1B5AE5DD00AFAF28 /* title.png */,
			);
			name = Header;
			sourceTree = "<group>";
		};
		36A5B5A31B5AE5C400AFAF28 /* Images */ = {
			isa = PBXGroup;
			children = (
				36A5B5A11B5AE5B200AFAF28 /* Buttons */,
				36A5B5A21B5AE5B700AFAF28 /* Header */,
			);
			name = Images;
			sourceTree = "<group>";
		};
		36AB61C11B5C1697003280B8 /* Services */ = {
			isa = PBXGroup;
			children = (
				36AB61C51B5C16FD003280B8 /* ParseServiceTest.swift */,
				36B576631B65409A00B2CC78 /* UserServiceTest.swift */,
			);
			name = Services;
			sourceTree = "<group>";
		};
		36C948B51B65A814008469BE /* Utilities */ = {
			isa = PBXGroup;
			children = (
				36C948B61B65A824008469BE /* AppUtils.swift */,
			);
			name = Utilities;
			sourceTree = "<group>";
		};
		36E411B21B61D6FF00C7A09D /* Authentication */ = {
			isa = PBXGroup;
			children = (
				36A5B59D1B5AE54C00AFAF28 /* LoginViewController.swift */,
				36A5B59B1B5AE53100AFAF28 /* RegisterViewController.swift */,
			);
			name = Authentication;
			sourceTree = "<group>";
		};
		36E411B31B61D74700C7A09D /* Users */ = {
			isa = PBXGroup;
			children = (
				36A5B59F1B5AE56900AFAF28 /* UsersViewController.swift */,
				36E5D9D31B5C98A100AB8828 /* UserListViewController.swift */,
			);
			name = Users;
			sourceTree = "<group>";
		};
		36E411B41B61DD0000C7A09D /* Chat */ = {
			isa = PBXGroup;
			children = (
				3699EFA71B5C9E7000E29E4A /* ChatViewController.swift */,
				3699EFA91B5CA06F00E29E4A /* ChatTableViewController.swift */,
			);
			name = Chat;
			sourceTree = "<group>";
		};
		36E411B51B61DD1600C7A09D /* Conversation */ = {
			isa = PBXGroup;
			children = (
				36E411B01B61D69B00C7A09D /* ConversationsViewController.swift */,
				36E411B61B61DDB800C7A09D /* ConversationTableViewController.swift */,
			);
			name = Conversation;
			sourceTree = "<group>";
		};
		7E3EB639B4BCCC26EAF65FF9 /* Pods */ = {
			isa = PBXGroup;
			children = (
				7744D10111DDA42D46038E0F /* Pods-Chatter.debug.xcconfig */,
				044EDC2203F40A58DF01FDD4 /* Pods-Chatter.release.xcconfig */,
			);
			name = Pods;
			sourceTree = "<group>";
		};
/* End PBXGroup section */

/* Begin PBXNativeTarget section */
		360D3BC11B5AD4E9003002A7 /* Chatter */ = {
			isa = PBXNativeTarget;
			buildConfigurationList = 360D3BE11B5AD4EA003002A7 /* Build configuration list for PBXNativeTarget "Chatter" */;
			buildPhases = (
				AA0BCA7049947AAD3DA7F26D /* Check Pods Manifest.lock */,
				360D3BBE1B5AD4E9003002A7 /* Sources */,
				360D3BBF1B5AD4E9003002A7 /* Frameworks */,
				360D3BC01B5AD4E9003002A7 /* Resources */,
				66D80557ED3F3CE09AEB0152 /* Copy Pods Resources */,
				0BC76A1EE49D557722D9BD16 /* Embed Pods Frameworks */,
			);
			buildRules = (
			);
			dependencies = (
			);
			name = Chatter;
			productName = Chatter;
			productReference = 360D3BC21B5AD4E9003002A7 /* Chatter.app */;
			productType = "com.apple.product-type.application";
		};
		360D3BD61B5AD4EA003002A7 /* ChatterTests */ = {
			isa = PBXNativeTarget;
			buildConfigurationList = 360D3BE41B5AD4EA003002A7 /* Build configuration list for PBXNativeTarget "ChatterTests" */;
			buildPhases = (
				360D3BD31B5AD4EA003002A7 /* Sources */,
				360D3BD41B5AD4EA003002A7 /* Frameworks */,
				360D3BD51B5AD4EA003002A7 /* Resources */,
			);
			buildRules = (
			);
			dependencies = (
				360D3BD91B5AD4EA003002A7 /* PBXTargetDependency */,
			);
			name = ChatterTests;
			productName = ChatterTests;
			productReference = 360D3BD71B5AD4EA003002A7 /* ChatterTests.xctest */;
			productType = "com.apple.product-type.bundle.unit-test";
		};
/* End PBXNativeTarget section */

/* Begin PBXProject section */
		360D3BBA1B5AD4E9003002A7 /* Project object */ = {
			isa = PBXProject;
			attributes = {
				LastUpgradeCheck = 0640;
				ORGANIZATIONNAME = iColaSoft;
				TargetAttributes = {
					360D3BC11B5AD4E9003002A7 = {
						CreatedOnToolsVersion = 6.4;
						DevelopmentTeam = 268S5GJFWZ;
						SystemCapabilities = {
							com.apple.BackgroundModes = {
								enabled = 1;
							};
						};
					};
					360D3BD61B5AD4EA003002A7 = {
						CreatedOnToolsVersion = 6.4;
						TestTargetID = 360D3BC11B5AD4E9003002A7;
					};
				};
			};
			buildConfigurationList = 360D3BBD1B5AD4E9003002A7 /* Build configuration list for PBXProject "Chatter" */;
			compatibilityVersion = "Xcode 3.2";
			developmentRegion = English;
			hasScannedForEncodings = 0;
			knownRegions = (
				en,
				Base,
			);
			mainGroup = 360D3BB91B5AD4E9003002A7;
			productRefGroup = 360D3BC31B5AD4E9003002A7 /* Products */;
			projectDirPath = "";
			projectRoot = "";
			targets = (
				360D3BC11B5AD4E9003002A7 /* Chatter */,
				360D3BD61B5AD4EA003002A7 /* ChatterTests */,
			);
		};
/* End PBXProject section */

/* Begin PBXResourcesBuildPhase section */
		360D3BC01B5AD4E9003002A7 /* Resources */ = {
			isa = PBXResourcesBuildPhase;
			buildActionMask = 2147483647;
			files = (
				361E502E1B5AE64E00BABEDB /* Images.xcassets in Resources */,
				3699EFB01B5D271900E29E4A /* Logout_64.png in Resources */,
				36A5B5AC1B5AE5D300AFAF28 /* register.png in Resources */,
				3699EFAC1B5CA1C800E29E4A /* Back_arrow_circular_symbol_64.png in Resources */,
				36A5B5AB1B5AE5D300AFAF28 /* fb_login.png in Resources */,
				36A5B5A91B5AE5D300AFAF28 /* asterick.png in Resources */,
				36E411AF1B61C6B500C7A09D /* user_list_64.png in Resources */,
				360D3BD21B5AD4E9003002A7 /* LaunchScreen.xib in Resources */,
				36A5B5AD1B5AE5D300AFAF28 /* login.png in Resources */,
				36E5D9D21B5C95C400AB8828 /* Add_User_64.png in Resources */,
				3699EFAE1B5CA20900E29E4A /* Back_arrow_circular_symbol_32.png in Resources */,
				361E50301B5AE66900BABEDB /* Main.storyboard in Resources */,
				36A5B5AA1B5AE5D300AFAF28 /* cancel.png in Resources */,
				36A5B5AF1B5AE5DD00AFAF28 /* title.png in Resources */,
			);
			runOnlyForDeploymentPostprocessing = 0;
		};
		360D3BD51B5AD4EA003002A7 /* Resources */ = {
			isa = PBXResourcesBuildPhase;
			buildActionMask = 2147483647;
			files = (
			);
			runOnlyForDeploymentPostprocessing = 0;
		};
/* End PBXResourcesBuildPhase section */

/* Begin PBXShellScriptBuildPhase section */
		0BC76A1EE49D557722D9BD16 /* Embed Pods Frameworks */ = {
			isa = PBXShellScriptBuildPhase;
			buildActionMask = 2147483647;
			files = (
			);
			inputPaths = (
			);
			name = "Embed Pods Frameworks";
			outputPaths = (
			);
			runOnlyForDeploymentPostprocessing = 0;
			shellPath = /bin/sh;
			shellScript = "\"${SRCROOT}/Pods/Target Support Files/Pods-Chatter/Pods-Chatter-frameworks.sh\"\n";
			showEnvVarsInLog = 0;
		};
		66D80557ED3F3CE09AEB0152 /* Copy Pods Resources */ = {
			isa = PBXShellScriptBuildPhase;
			buildActionMask = 2147483647;
			files = (
			);
			inputPaths = (
			);
			name = "Copy Pods Resources";
			outputPaths = (
			);
			runOnlyForDeploymentPostprocessing = 0;
			shellPath = /bin/sh;
			shellScript = "\"${SRCROOT}/Pods/Target Support Files/Pods-Chatter/Pods-Chatter-resources.sh\"\n";
			showEnvVarsInLog = 0;
		};
		AA0BCA7049947AAD3DA7F26D /* Check Pods Manifest.lock */ = {
			isa = PBXShellScriptBuildPhase;
			buildActionMask = 2147483647;
			files = (
			);
			inputPaths = (
			);
			name = "Check Pods Manifest.lock";
			outputPaths = (
			);
			runOnlyForDeploymentPostprocessing = 0;
			shellPath = /bin/sh;
			shellScript = "diff \"${PODS_ROOT}/../Podfile.lock\" \"${PODS_ROOT}/Manifest.lock\" > /dev/null\nif [[ $? != 0 ]] ; then\n    cat << EOM\nerror: The sandbox is not in sync with the Podfile.lock. Run 'pod install' or update your CocoaPods installation.\nEOM\n    exit 1\nfi\n";
			showEnvVarsInLog = 0;
		};
/* End PBXShellScriptBuildPhase section */

/* Begin PBXSourcesBuildPhase section */
		360D3BBE1B5AD4E9003002A7 /* Sources */ = {
			isa = PBXSourcesBuildPhase;
			buildActionMask = 2147483647;
			files = (
				36C948B71B65A824008469BE /* AppUtils.swift in Sources */,
				360D3BCA1B5AD4E9003002A7 /* ViewController.swift in Sources */,
				36E5D9D41B5C98A100AB8828 /* UserListViewController.swift in Sources */,
				36C948B41B65A7AF008469BE /* NotificationService.swift in Sources */,
				36E411B71B61DDB800C7A09D /* ConversationTableViewController.swift in Sources */,
				361E50321B5AED2A00BABEDB /* LayerService.swift in Sources */,
				36A5B5A01B5AE56900AFAF28 /* UsersViewController.swift in Sources */,
				360D3BEB1B5AE195003002A7 /* ParseService.swift in Sources */,
				36B576621B6539A600B2CC78 /* UserService.swift in Sources */,
				360D3BC81B5AD4E9003002A7 /* AppDelegate.swift in Sources */,
				36A5B59E1B5AE54C00AFAF28 /* LoginViewController.swift in Sources */,
				3699EFA81B5C9E7000E29E4A /* ChatViewController.swift in Sources */,
				36A5B59C1B5AE53100AFAF28 /* RegisterViewController.swift in Sources */,
				3623BE581B65B53800710D88 /* Message.swift in Sources */,
				36E411B11B61D69B00C7A09D /* ConversationsViewController.swift in Sources */,
				3699EFAA1B5CA06F00E29E4A /* ChatTableViewController.swift in Sources */,
			);
			runOnlyForDeploymentPostprocessing = 0;
		};
		360D3BD31B5AD4EA003002A7 /* Sources */ = {
			isa = PBXSourcesBuildPhase;
			buildActionMask = 2147483647;
			files = (
				36B576641B65409A00B2CC78 /* UserServiceTest.swift in Sources */,
				360D3BDE1B5AD4EA003002A7 /* ChatterTests.swift in Sources */,
				36AB61C61B5C16FD003280B8 /* ParseServiceTest.swift in Sources */,
			);
			runOnlyForDeploymentPostprocessing = 0;
		};
/* End PBXSourcesBuildPhase section */

/* Begin PBXTargetDependency section */
		360D3BD91B5AD4EA003002A7 /* PBXTargetDependency */ = {
			isa = PBXTargetDependency;
			target = 360D3BC11B5AD4E9003002A7 /* Chatter */;
			targetProxy = 360D3BD81B5AD4EA003002A7 /* PBXContainerItemProxy */;
		};
/* End PBXTargetDependency section */

/* Begin PBXVariantGroup section */
		360D3BD01B5AD4E9003002A7 /* LaunchScreen.xib */ = {
			isa = PBXVariantGroup;
			children = (
				360D3BD11B5AD4E9003002A7 /* Base */,
			);
			name = LaunchScreen.xib;
			path = Chatter;
			sourceTree = "<group>";
		};
/* End PBXVariantGroup section */

/* Begin XCBuildConfiguration section */
		360D3BDF1B5AD4EA003002A7 /* Debug */ = {
			isa = XCBuildConfiguration;
			buildSettings = {
				ALWAYS_SEARCH_USER_PATHS = NO;
				CLANG_CXX_LANGUAGE_STANDARD = "gnu++0x";
				CLANG_CXX_LIBRARY = "libc++";
				CLANG_ENABLE_MODULES = YES;
				CLANG_ENABLE_OBJC_ARC = YES;
				CLANG_WARN_BOOL_CONVERSION = YES;
				CLANG_WARN_CONSTANT_CONVERSION = YES;
				CLANG_WARN_DIRECT_OBJC_ISA_USAGE = YES_ERROR;
				CLANG_WARN_EMPTY_BODY = YES;
				CLANG_WARN_ENUM_CONVERSION = YES;
				CLANG_WARN_INT_CONVERSION = YES;
				CLANG_WARN_OBJC_ROOT_CLASS = YES_ERROR;
				CLANG_WARN_UNREACHABLE_CODE = YES;
				CLANG_WARN__DUPLICATE_METHOD_MATCH = YES;
				"CODE_SIGN_IDENTITY[sdk=iphoneos*]" = "iPhone Developer";
				COPY_PHASE_STRIP = NO;
				DEBUG_INFORMATION_FORMAT = "dwarf-with-dsym";
				ENABLE_STRICT_OBJC_MSGSEND = YES;
				GCC_C_LANGUAGE_STANDARD = gnu99;
				GCC_DYNAMIC_NO_PIC = NO;
				GCC_NO_COMMON_BLOCKS = YES;
				GCC_OPTIMIZATION_LEVEL = 0;
				GCC_PREPROCESSOR_DEFINITIONS = (
					"DEBUG=1",
					"$(inherited)",
				);
				GCC_SYMBOLS_PRIVATE_EXTERN = NO;
				GCC_WARN_64_TO_32_BIT_CONVERSION = YES;
				GCC_WARN_ABOUT_RETURN_TYPE = YES_ERROR;
				GCC_WARN_UNDECLARED_SELECTOR = YES;
				GCC_WARN_UNINITIALIZED_AUTOS = YES_AGGRESSIVE;
				GCC_WARN_UNUSED_FUNCTION = YES;
				GCC_WARN_UNUSED_VARIABLE = YES;
				IPHONEOS_DEPLOYMENT_TARGET = 8.4;
				MTL_ENABLE_DEBUG_INFO = YES;
				ONLY_ACTIVE_ARCH = YES;
				SDKROOT = iphoneos8.4;
				SWIFT_OPTIMIZATION_LEVEL = "-Onone";
			};
			name = Debug;
		};
		360D3BE01B5AD4EA003002A7 /* Release */ = {
			isa = XCBuildConfiguration;
			buildSettings = {
				ALWAYS_SEARCH_USER_PATHS = NO;
				CLANG_CXX_LANGUAGE_STANDARD = "gnu++0x";
				CLANG_CXX_LIBRARY = "libc++";
				CLANG_ENABLE_MODULES = YES;
				CLANG_ENABLE_OBJC_ARC = YES;
				CLANG_WARN_BOOL_CONVERSION = YES;
				CLANG_WARN_CONSTANT_CONVERSION = YES;
				CLANG_WARN_DIRECT_OBJC_ISA_USAGE = YES_ERROR;
				CLANG_WARN_EMPTY_BODY = YES;
				CLANG_WARN_ENUM_CONVERSION = YES;
				CLANG_WARN_INT_CONVERSION = YES;
				CLANG_WARN_OBJC_ROOT_CLASS = YES_ERROR;
				CLANG_WARN_UNREACHABLE_CODE = YES;
				CLANG_WARN__DUPLICATE_METHOD_MATCH = YES;
				"CODE_SIGN_IDENTITY[sdk=iphoneos*]" = "iPhone Developer";
				COPY_PHASE_STRIP = NO;
				DEBUG_INFORMATION_FORMAT = "dwarf-with-dsym";
				ENABLE_NS_ASSERTIONS = NO;
				ENABLE_STRICT_OBJC_MSGSEND = YES;
				GCC_C_LANGUAGE_STANDARD = gnu99;
				GCC_NO_COMMON_BLOCKS = YES;
				GCC_WARN_64_TO_32_BIT_CONVERSION = YES;
				GCC_WARN_ABOUT_RETURN_TYPE = YES_ERROR;
				GCC_WARN_UNDECLARED_SELECTOR = YES;
				GCC_WARN_UNINITIALIZED_AUTOS = YES_AGGRESSIVE;
				GCC_WARN_UNUSED_FUNCTION = YES;
				GCC_WARN_UNUSED_VARIABLE = YES;
				IPHONEOS_DEPLOYMENT_TARGET = 8.4;
				MTL_ENABLE_DEBUG_INFO = NO;
				SDKROOT = iphoneos8.4;
				VALIDATE_PRODUCT = YES;
			};
			name = Release;
		};
		360D3BE21B5AD4EA003002A7 /* Debug */ = {
			isa = XCBuildConfiguration;
			baseConfigurationReference = 7744D10111DDA42D46038E0F /* Pods-Chatter.debug.xcconfig */;
			buildSettings = {
				ASSETCATALOG_COMPILER_APPICON_NAME = AppIcon;
				CODE_SIGN_IDENTITY = "iPhone Developer";
				"CODE_SIGN_IDENTITY[sdk=iphoneos*]" = "iPhone Developer";
				FRAMEWORK_SEARCH_PATHS = "\"$(PODS_ROOT)/LayerKit/LayerKit.embeddedframework\"";
				INFOPLIST_FILE = Chatter/Info.plist;
				LD_RUNPATH_SEARCH_PATHS = "$(inherited) @executable_path/Frameworks";
				LIBRARY_SEARCH_PATHS = (
					"$(inherited)",
					"$(PROJECT_DIR)/Pods/build/Debug-iphoneos",
				);
				PRODUCT_NAME = "$(TARGET_NAME)";
				PROVISIONING_PROFILE = "";
			};
			name = Debug;
		};
		360D3BE31B5AD4EA003002A7 /* Release */ = {
			isa = XCBuildConfiguration;
			baseConfigurationReference = 044EDC2203F40A58DF01FDD4 /* Pods-Chatter.release.xcconfig */;
			buildSettings = {
				ASSETCATALOG_COMPILER_APPICON_NAME = AppIcon;
				CODE_SIGN_IDENTITY = "iPhone Developer";
				"CODE_SIGN_IDENTITY[sdk=iphoneos*]" = "iPhone Developer";
				FRAMEWORK_SEARCH_PATHS = "\"$(PODS_ROOT)/LayerKit/LayerKit.embeddedframework\"";
				INFOPLIST_FILE = Chatter/Info.plist;
				LD_RUNPATH_SEARCH_PATHS = "$(inherited) @executable_path/Frameworks";
				LIBRARY_SEARCH_PATHS = (
					"$(inherited)",
					"$(PROJECT_DIR)/Pods/build/Debug-iphoneos",
				);
				PRODUCT_NAME = "$(TARGET_NAME)";
				PROVISIONING_PROFILE = "";
			};
			name = Release;
		};
		360D3BE51B5AD4EA003002A7 /* Debug */ = {
			isa = XCBuildConfiguration;
			buildSettings = {
				BUNDLE_LOADER = "$(TEST_HOST)";
				CLANG_ENABLE_MODULES = YES;
				FRAMEWORK_SEARCH_PATHS = (
					"$(SDKROOT)/Developer/Library/Frameworks",
					"\"$(PODS_ROOT)/LayerKit/LayerKit.embeddedframework\"",
					"$(inherited)",
					"$(PROJECT_DIR)/build/Debug-iphoneos",
				);
				GCC_PREPROCESSOR_DEFINITIONS = (
					"DEBUG=1",
					"$(inherited)",
				);
				INFOPLIST_FILE = ChatterTests/Info.plist;
				LD_RUNPATH_SEARCH_PATHS = "$(inherited) @executable_path/Frameworks @loader_path/Frameworks @executable_path/Frameworks";
				LIBRARY_SEARCH_PATHS = (
					"$(inherited)",
					"$(PROJECT_DIR)/Pods/build/Debug-iphoneos",
				);
				PRODUCT_NAME = "$(TARGET_NAME)";
				SWIFT_INSTALL_OBJC_HEADER = NO;
				SWIFT_OBJC_BRIDGING_HEADER = "";
				SWIFT_OPTIMIZATION_LEVEL = "-Onone";
				TEST_HOST = "$(BUILT_PRODUCTS_DIR)/Chatter.app/Chatter";
			};
			name = Debug;
		};
		360D3BE61B5AD4EA003002A7 /* Release */ = {
			isa = XCBuildConfiguration;
			buildSettings = {
				BUNDLE_LOADER = "$(TEST_HOST)";
				CLANG_ENABLE_MODULES = YES;
				FRAMEWORK_SEARCH_PATHS = (
					"$(SDKROOT)/Developer/Library/Frameworks",
					"\"$(PODS_ROOT)/LayerKit/LayerKit.embeddedframework\"",
					"$(inherited)",
					"$(PROJECT_DIR)/build/Debug-iphoneos",
				);
				INFOPLIST_FILE = ChatterTests/Info.plist;
				LD_RUNPATH_SEARCH_PATHS = "$(inherited) @executable_path/Frameworks @loader_path/Frameworks @executable_path/Frameworks";
				LIBRARY_SEARCH_PATHS = (
					"$(inherited)",
					"$(PROJECT_DIR)/Pods/build/Debug-iphoneos",
				);
				PRODUCT_NAME = "$(TARGET_NAME)";
				SWIFT_INSTALL_OBJC_HEADER = NO;
				SWIFT_OBJC_BRIDGING_HEADER = "";
				TEST_HOST = "$(BUILT_PRODUCTS_DIR)/Chatter.app/Chatter";
			};
			name = Release;
		};
/* End XCBuildConfiguration section */

/* Begin XCConfigurationList section */
		360D3BBD1B5AD4E9003002A7 /* Build configuration list for PBXProject "Chatter" */ = {
			isa = XCConfigurationList;
			buildConfigurations = (
				360D3BDF1B5AD4EA003002A7 /* Debug */,
				360D3BE01B5AD4EA003002A7 /* Release */,
			);
			defaultConfigurationIsVisible = 0;
			defaultConfigurationName = Release;
		};
		360D3BE11B5AD4EA003002A7 /* Build configuration list for PBXNativeTarget "Chatter" */ = {
			isa = XCConfigurationList;
			buildConfigurations = (
				360D3BE21B5AD4EA003002A7 /* Debug */,
				360D3BE31B5AD4EA003002A7 /* Release */,
			);
			defaultConfigurationIsVisible = 0;
			defaultConfigurationName = Release;
		};
		360D3BE41B5AD4EA003002A7 /* Build configuration list for PBXNativeTarget "ChatterTests" */ = {
			isa = XCConfigurationList;
			buildConfigurations = (
				360D3BE51B5AD4EA003002A7 /* Debug */,
				360D3BE61B5AD4EA003002A7 /* Release */,
			);
			defaultConfigurationIsVisible = 0;
			defaultConfigurationName = Release;
		};
/* End XCConfigurationList section */
	};
	rootObject = 360D3BBA1B5AD4E9003002A7 /* Project object */;
}
